
Microsoft Visual Studio Solution File, Format Version 12.00
# Visual Studio Version 17
VisualStudioVersion = 17.4.33213.308
MinimumVisualStudioVersion = 10.0.40219.1
Project("{FAE04EC0-301F-11D3-BF4B-00C04F79EFBC}") = "WindowsFormsApp1", "WindowsFormsApp1\WindowsFormsApp1.csproj", "{0E7B36A0-7ECB-43B8-83E9-CE3A734A13BE}"
EndProject
Global
	GlobalSection(SolutionConfigurationPlatforms) = preSolution
		Debug|Any CPU = Debug|Any CPU
		Release|Any CPU = Release|Any CPU
	EndGlobalSection
	GlobalSection(ProjectConfigurationPlatforms) = postSolution
		{0E7B36A0-7ECB-43B8-83E9-CE3A734A13BE}.Debug|Any CPU.ActiveCfg = Debug|Any CPU
		{0E7B36A0-7ECB-43B8-83E9-CE3A734A13BE}.Debug|Any CPU.Build.0 = Debug|Any CPU
		{0E7B36A0-7ECB-43B8-83E9-CE3A734A13BE}.Release|Any CPU.ActiveCfg = Release|Any CPU
		{0E7B36A0-7ECB-43B8-83E9-CE3A734A13BE}.Release|Any CPU.Build.0 = Release|Any CPU
	EndGlobalSection
	GlobalSection(SolutionProperties) = preSolution
		HideSolutionNode = FALSE
	EndGlobalSection
	GlobalSection(ExtensibilityGlobals) = postSolution
		SolutionGuid = {84E2D5AA-4DFB-4BE8-A7D0-6B1BBEE3C8F5}
	EndGlobalSection
EndGlobal
